
Microsoft Visual Studio Solution File, Format Version 12.00
# Visual Studio Version 16
VisualStudioVersion = 16.0.31410.357
MinimumVisualStudioVersion = 10.0.40219.1
Project("{FAE04EC0-301F-11D3-BF4B-00C04F79EFBC}") = "bex", "bex\bex.csproj", "{D2D96F72-45D6-4CD5-9E29-2D80E5ACD30A}"
EndProject
Global
	GlobalSection(SolutionConfigurationPlatforms) = preSolution
		Debug|Any CPU = Debug|Any CPU
		Release|Any CPU = Release|Any CPU
	EndGlobalSection
	GlobalSection(ProjectConfigurationPlatforms) = postSolution
		{D2D96F72-45D6-4CD5-9E29-2D80E5ACD30A}.Debug|Any CPU.ActiveCfg = Debug|Any CPU
		{D2D96F72-45D6-4CD5-9E29-2D80E5ACD30A}.Debug|Any CPU.Build.0 = Debug|Any CPU
		{D2D96F72-45D6-4CD5-9E29-2D80E5ACD30A}.Release|Any CPU.ActiveCfg = Release|Any CPU
		{D2D96F72-45D6-4CD5-9E29-2D80E5ACD30A}.Release|Any CPU.Build.0 = Release|Any CPU
	EndGlobalSection
	GlobalSection(SolutionProperties) = preSolution
		HideSolutionNode = FALSE
	EndGlobalSection
	GlobalSection(ExtensibilityGlobals) = postSolution
		SolutionGuid = {36F77DAE-E49B-410C-BD3A-B005165C9952}
	EndGlobalSection
EndGlobal
